
Microsoft Visual Studio Solution File, Format Version 12.00
# Visual Studio Version 16
VisualStudioVersion = 16.0.31729.503
MinimumVisualStudioVersion = 10.0.40219.1
Project("{FAE04EC0-301F-11D3-BF4B-00C04F79EFBC}") = "TaruChat", "TaruChat\TaruChat.csproj", "{C61B9E6F-212E-4670-9E35-8D646005DDB1}"
EndProject
Global
	GlobalSection(SolutionConfigurationPlatforms) = preSolution
		Debug|Any CPU = Debug|Any CPU
		Release|Any CPU = Release|Any CPU
	EndGlobalSection
	GlobalSection(ProjectConfigurationPlatforms) = postSolution
		{C61B9E6F-212E-4670-9E35-8D646005DDB1}.Debug|Any CPU.ActiveCfg = Debug|Any CPU
		{C61B9E6F-212E-4670-9E35-8D646005DDB1}.Debug|Any CPU.Build.0 = Debug|Any CPU
		{C61B9E6F-212E-4670-9E35-8D646005DDB1}.Release|Any CPU.ActiveCfg = Release|Any CPU
		{C61B9E6F-212E-4670-9E35-8D646005DDB1}.Release|Any CPU.Build.0 = Release|Any CPU
	EndGlobalSection
	GlobalSection(SolutionProperties) = preSolution
		HideSolutionNode = FALSE
	EndGlobalSection
	GlobalSection(ExtensibilityGlobals) = postSolution
		SolutionGuid = {8138A3C9-A05E-4011-A6A8-6C0FEBEF48A6}
	EndGlobalSection
EndGlobal
